// !$*UTF8*$!
{
	archiveVersion = 1;
	classes = {
	};
	objectVersion = 55;
	objects = {

/* Begin PBXBuildFile section */
		AB8AE70728616CB900CB4F0C /* BlurbApp.swift in Sources */ = {isa = PBXBuildFile; fileRef = AB8AE70628616CB900CB4F0C /* BlurbApp.swift */; };
		AB8AE70928616CB900CB4F0C /* ContentView.swift in Sources */ = {isa = PBXBuildFile; fileRef = AB8AE70828616CB900CB4F0C /* ContentView.swift */; };
		AB8AE70B28616CBA00CB4F0C /* Assets.xcassets in Resources */ = {isa = PBXBuildFile; fileRef = AB8AE70A28616CBA00CB4F0C /* Assets.xcassets */; };
		AB8AE70E28616CBA00CB4F0C /* Preview Assets.xcassets in Resources */ = {isa = PBXBuildFile; fileRef = AB8AE70D28616CBA00CB4F0C /* Preview Assets.xcassets */; };
		AB8AE71028616CBA00CB4F0C /* Persistence.swift in Sources */ = {isa = PBXBuildFile; fileRef = AB8AE70F28616CBA00CB4F0C /* Persistence.swift */; };
		AB8AE71328616CBA00CB4F0C /* Blurb.xcdatamodeld in Sources */ = {isa = PBXBuildFile; fileRef = AB8AE71128616CBA00CB4F0C /* Blurb.xcdatamodeld */; };
		AB8AE71B286171E400CB4F0C /* SwiftyChat in Frameworks */ = {isa = PBXBuildFile; productRef = AB8AE71A286171E400CB4F0C /* SwiftyChat */; };
		AB8AE71D2861794000CB4F0C /* LocationManager.swift in Sources */ = {isa = PBXBuildFile; fileRef = AB8AE71C2861794000CB4F0C /* LocationManager.swift */; };
		AB8AE7422861880F00CB4F0C /* CloudKit.framework in Frameworks */ = {isa = PBXBuildFile; fileRef = AB8AE7412861880F00CB4F0C /* CloudKit.framework */; };
/* End PBXBuildFile section */

/* Begin PBXFileReference section */
		AB8AE70328616CB900CB4F0C /* Blurb.app */ = {isa = PBXFileReference; explicitFileType = wrapper.application; includeInIndex = 0; path = Blurb.app; sourceTree = BUILT_PRODUCTS_DIR; };
		AB8AE70628616CB900CB4F0C /* BlurbApp.swift */ = {isa = PBXFileReference; lastKnownFileType = sourcecode.swift; path = BlurbApp.swift; sourceTree = "<group>"; };
		AB8AE70828616CB900CB4F0C /* ContentView.swift */ = {isa = PBXFileReference; lastKnownFileType = sourcecode.swift; path = ContentView.swift; sourceTree = "<group>"; };
		AB8AE70A28616CBA00CB4F0C /* Assets.xcassets */ = {isa = PBXFileReference; lastKnownFileType = folder.assetcatalog; path = Assets.xcassets; sourceTree = "<group>"; };
		AB8AE70D28616CBA00CB4F0C /* Preview Assets.xcassets */ = {isa = PBXFileReference; lastKnownFileType = folder.assetcatalog; path = "Preview Assets.xcassets"; sourceTree = "<group>"; };
		AB8AE70F28616CBA00CB4F0C /* Persistence.swift */ = {isa = PBXFileReference; lastKnownFileType = sourcecode.swift; path = Persistence.swift; sourceTree = "<group>"; };
		AB8AE71228616CBA00CB4F0C /* Blurb.xcdatamodel */ = {isa = PBXFileReference; lastKnownFileType = wrapper.xcdatamodel; path = Blurb.xcdatamodel; sourceTree = "<group>"; };
		AB8AE71C2861794000CB4F0C /* LocationManager.swift */ = {isa = PBXFileReference; lastKnownFileType = sourcecode.swift; path = LocationManager.swift; sourceTree = "<group>"; };
		AB8AE73F2861880C00CB4F0C /* BlurbDebug.entitlements */ = {isa = PBXFileReference; lastKnownFileType = text.plist.entitlements; path = BlurbDebug.entitlements; sourceTree = "<group>"; };
		AB8AE7412861880F00CB4F0C /* CloudKit.framework */ = {isa = PBXFileReference; lastKnownFileType = wrapper.framework; name = CloudKit.framework; path = System/Library/Frameworks/CloudKit.framework; sourceTree = SDKROOT; };
		AB8AE7432861885E00CB4F0C /* Info.plist */ = {isa = PBXFileReference; lastKnownFileType = text.plist; path = Info.plist; sourceTree = "<group>"; };
		AB8AE74428639A5F00CB4F0C /* Blurb.entitlements */ = {isa = PBXFileReference; lastKnownFileType = text.plist.entitlements; path = Blurb.entitlements; sourceTree = "<group>"; };
/* End PBXFileReference section */

/* Begin PBXFrameworksBuildPhase section */
		AB8AE70028616CB900CB4F0C /* Frameworks */ = {
			isa = PBXFrameworksBuildPhase;
			buildActionMask = 2147483647;
			files = (
				AB8AE71B286171E400CB4F0C /* SwiftyChat in Frameworks */,
				AB8AE7422861880F00CB4F0C /* CloudKit.framework in Frameworks */,
			);
			runOnlyForDeploymentPostprocessing = 0;
		};
/* End PBXFrameworksBuildPhase section */

/* Begin PBXGroup section */
		AB8AE6FA28616CB900CB4F0C = {
			isa = PBXGroup;
			children = (
				AB8AE70528616CB900CB4F0C /* Blurb */,
				AB8AE70428616CB900CB4F0C /* Products */,
				AB8AE7402861880F00CB4F0C /* Frameworks */,
			);
			sourceTree = "<group>";
		};
		AB8AE70428616CB900CB4F0C /* Products */ = {
			isa = PBXGroup;
			children = (
				AB8AE70328616CB900CB4F0C /* Blurb.app */,
			);
			name = Products;
			sourceTree = "<group>";
		};
		AB8AE70528616CB900CB4F0C /* Blurb */ = {
			isa = PBXGroup;
			children = (
				AB8AE74428639A5F00CB4F0C /* Blurb.entitlements */,
				AB8AE7432861885E00CB4F0C /* Info.plist */,
				AB8AE73F2861880C00CB4F0C /* BlurbDebug.entitlements */,
				AB8AE70628616CB900CB4F0C /* BlurbApp.swift */,
				AB8AE70828616CB900CB4F0C /* ContentView.swift */,
				AB8AE70A28616CBA00CB4F0C /* Assets.xcassets */,
				AB8AE70F28616CBA00CB4F0C /* Persistence.swift */,
				AB8AE71128616CBA00CB4F0C /* Blurb.xcdatamodeld */,
				AB8AE70C28616CBA00CB4F0C /* Preview Content */,
				AB8AE71C2861794000CB4F0C /* LocationManager.swift */,
			);
			path = Blurb;
			sourceTree = "<group>";
		};
		AB8AE70C28616CBA00CB4F0C /* Preview Content */ = {
			isa = PBXGroup;
			children = (
				AB8AE70D28616CBA00CB4F0C /* Preview Assets.xcassets */,
			);
			path = "Preview Content";
			sourceTree = "<group>";
		};
		AB8AE7402861880F00CB4F0C /* Frameworks */ = {
			isa = PBXGroup;
			children = (
				AB8AE7412861880F00CB4F0C /* CloudKit.framework */,
			);
			name = Frameworks;
			sourceTree = "<group>";
		};
/* End PBXGroup section */

/* Begin PBXNativeTarget section */
		AB8AE70228616CB900CB4F0C /* Blurb */ = {
			isa = PBXNativeTarget;
			buildConfigurationList = AB8AE71628616CBA00CB4F0C /* Build configuration list for PBXNativeTarget "Blurb" */;
			buildPhases = (
				AB8AE6FF28616CB900CB4F0C /* Sources */,
				AB8AE70028616CB900CB4F0C /* Frameworks */,
				AB8AE70128616CB900CB4F0C /* Resources */,
			);
			buildRules = (
			);
			dependencies = (
			);
			name = Blurb;
			packageProductDependencies = (
				AB8AE71A286171E400CB4F0C /* SwiftyChat */,
			);
			productName = Blurb;
			productReference = AB8AE70328616CB900CB4F0C /* Blurb.app */;
			productType = "com.apple.product-type.application";
		};
/* End PBXNativeTarget section */

/* Begin PBXProject section */
		AB8AE6FB28616CB900CB4F0C /* Project object */ = {
			isa = PBXProject;
			attributes = {
				BuildIndependentTargetsInParallel = 1;
				LastSwiftUpdateCheck = 1340;
				LastUpgradeCheck = 1340;
				TargetAttributes = {
					AB8AE70228616CB900CB4F0C = {
						CreatedOnToolsVersion = 13.4.1;
					};
				};
			};
			buildConfigurationList = AB8AE6FE28616CB900CB4F0C /* Build configuration list for PBXProject "Blurb" */;
			compatibilityVersion = "Xcode 13.0";
			developmentRegion = en;
			hasScannedForEncodings = 0;
			knownRegions = (
				en,
				Base,
			);
			mainGroup = AB8AE6FA28616CB900CB4F0C;
			packageReferences = (
				AB8AE719286171E400CB4F0C /* XCRemoteSwiftPackageReference "SwiftyChat" */,
			);
			productRefGroup = AB8AE70428616CB900CB4F0C /* Products */;
			projectDirPath = "";
			projectRoot = "";
			targets = (
				AB8AE70228616CB900CB4F0C /* Blurb */,
			);
		};
/* End PBXProject section */

/* Begin PBXResourcesBuildPhase section */
		AB8AE70128616CB900CB4F0C /* Resources */ = {
			isa = PBXResourcesBuildPhase;
			buildActionMask = 2147483647;
			files = (
				AB8AE70E28616CBA00CB4F0C /* Preview Assets.xcassets in Resources */,
				AB8AE70B28616CBA00CB4F0C /* Assets.xcassets in Resources */,
			);
			runOnlyForDeploymentPostprocessing = 0;
		};
/* End PBXResourcesBuildPhase section */

/* Begin PBXSourcesBuildPhase section */
		AB8AE6FF28616CB900CB4F0C /* Sources */ = {
			isa = PBXSourcesBuildPhase;
			buildActionMask = 2147483647;
			files = (
				AB8AE71028616CBA00CB4F0C /* Persistence.swift in Sources */,
				AB8AE71328616CBA00CB4F0C /* Blurb.xcdatamodeld in Sources */,
				AB8AE71D2861794000CB4F0C /* LocationManager.swift in Sources */,
				AB8AE70928616CB900CB4F0C /* ContentView.swift in Sources */,
				AB8AE70728616CB900CB4F0C /* BlurbApp.swift in Sources */,
			);
			runOnlyForDeploymentPostprocessing = 0;
		};
/* End PBXSourcesBuildPhase section */

/* Begin XCBuildConfiguration section */
		AB8AE71428616CBA00CB4F0C /* Debug */ = {
			isa = XCBuildConfiguration;
			buildSettings = {
				ALWAYS_SEARCH_USER_PATHS = NO;
				CLANG_ANALYZER_NONNULL = YES;
				CLANG_ANALYZER_NUMBER_OBJECT_CONVERSION = YES_AGGRESSIVE;
				CLANG_CXX_LANGUAGE_STANDARD = "gnu++17";
				CLANG_ENABLE_MODULES = YES;
				CLANG_ENABLE_OBJC_ARC = YES;
				CLANG_ENABLE_OBJC_WEAK = YES;
				CLANG_WARN_BLOCK_CAPTURE_AUTORELEASING = YES;
				CLANG_WARN_BOOL_CONVERSION = YES;
				CLANG_WARN_COMMA = YES;
				CLANG_WARN_CONSTANT_CONVERSION = YES;
				CLANG_WARN_DEPRECATED_OBJC_IMPLEMENTATIONS = YES;
				CLANG_WARN_DIRECT_OBJC_ISA_USAGE = YES_ERROR;
				CLANG_WARN_DOCUMENTATION_COMMENTS = YES;
				CLANG_WARN_EMPTY_BODY = YES;
				CLANG_WARN_ENUM_CONVERSION = YES;
				CLANG_WARN_INFINITE_RECURSION = YES;
				CLANG_WARN_INT_CONVERSION = YES;
				CLANG_WARN_NON_LITERAL_NULL_CONVERSION = YES;
				CLANG_WARN_OBJC_IMPLICIT_RETAIN_SELF = YES;
				CLANG_WARN_OBJC_LITERAL_CONVERSION = YES;
				CLANG_WARN_OBJC_ROOT_CLASS = YES_ERROR;
				CLANG_WARN_QUOTED_INCLUDE_IN_FRAMEWORK_HEADER = YES;
				CLANG_WARN_RANGE_LOOP_ANALYSIS = YES;
				CLANG_WARN_STRICT_PROTOTYPES = YES;
				CLANG_WARN_SUSPICIOUS_MOVE = YES;
				CLANG_WARN_UNGUARDED_AVAILABILITY = YES_AGGRESSIVE;
				CLANG_WARN_UNREACHABLE_CODE = YES;
				CLANG_WARN__DUPLICATE_METHOD_MATCH = YES;
				COPY_PHASE_STRIP = NO;
				DEBUG_INFORMATION_FORMAT = dwarf;
				ENABLE_STRICT_OBJC_MSGSEND = YES;
				ENABLE_TESTABILITY = YES;
				GCC_C_LANGUAGE_STANDARD = gnu11;
				GCC_DYNAMIC_NO_PIC = NO;
				GCC_NO_COMMON_BLOCKS = YES;
				GCC_OPTIMIZATION_LEVEL = 0;
				GCC_PREPROCESSOR_DEFINITIONS = (
					"DEBUG=1",
					"$(inherited)",
				);
				GCC_WARN_64_TO_32_BIT_CONVERSION = YES;
				GCC_WARN_ABOUT_RETURN_TYPE = YES_ERROR;
				GCC_WARN_UNDECLARED_SELECTOR = YES;
				GCC_WARN_UNINITIALIZED_AUTOS = YES_AGGRESSIVE;
				GCC_WARN_UNUSED_FUNCTION = YES;
				GCC_WARN_UNUSED_VARIABLE = YES;
				IPHONEOS_DEPLOYMENT_TARGET = 15.5;
				MTL_ENABLE_DEBUG_INFO = INCLUDE_SOURCE;
				MTL_FAST_MATH = YES;
				ONLY_ACTIVE_ARCH = YES;
				SDKROOT = iphoneos;
				SWIFT_ACTIVE_COMPILATION_CONDITIONS = DEBUG;
				SWIFT_OPTIMIZATION_LEVEL = "-Onone";
			};
			name = Debug;
		};
		AB8AE71528616CBA00CB4F0C /* Release */ = {
			isa = XCBuildConfiguration;
			buildSettings = {
				ALWAYS_SEARCH_USER_PATHS = NO;
				CLANG_ANALYZER_NONNULL = YES;
				CLANG_ANALYZER_NUMBER_OBJECT_CONVERSION = YES_AGGRESSIVE;
				CLANG_CXX_LANGUAGE_STANDARD = "gnu++17";
				CLANG_ENABLE_MODULES = YES;
				CLANG_ENABLE_OBJC_ARC = YES;
				CLANG_ENABLE_OBJC_WEAK = YES;
				CLANG_WARN_BLOCK_CAPTURE_AUTORELEASING = YES;
				CLANG_WARN_BOOL_CONVERSION = YES;
				CLANG_WARN_COMMA = YES;
				CLANG_WARN_CONSTANT_CONVERSION = YES;
				CLANG_WARN_DEPRECATED_OBJC_IMPLEMENTATIONS = YES;
				CLANG_WARN_DIRECT_OBJC_ISA_USAGE = YES_ERROR;
				CLANG_WARN_DOCUMENTATION_COMMENTS = YES;
				CLANG_WARN_EMPTY_BODY = YES;
				CLANG_WARN_ENUM_CONVERSION = YES;
				CLANG_WARN_INFINITE_RECURSION = YES;
				CLANG_WARN_INT_CONVERSION = YES;
				CLANG_WARN_NON_LITERAL_NULL_CONVERSION = YES;
				CLANG_WARN_OBJC_IMPLICIT_RETAIN_SELF = YES;
				CLANG_WARN_OBJC_LITERAL_CONVERSION = YES;
				CLANG_WARN_OBJC_ROOT_CLASS = YES_ERROR;
				CLANG_WARN_QUOTED_INCLUDE_IN_FRAMEWORK_HEADER = YES;
				CLANG_WARN_RANGE_LOOP_ANALYSIS = YES;
				CLANG_WARN_STRICT_PROTOTYPES = YES;
				CLANG_WARN_SUSPICIOUS_MOVE = YES;
				CLANG_WARN_UNGUARDED_AVAILABILITY = YES_AGGRESSIVE;
				CLANG_WARN_UNREACHABLE_CODE = YES;
				CLANG_WARN__DUPLICATE_METHOD_MATCH = YES;
				COPY_PHASE_STRIP = NO;
				DEBUG_INFORMATION_FORMAT = "dwarf-with-dsym";
				ENABLE_NS_ASSERTIONS = NO;
				ENABLE_STRICT_OBJC_MSGSEND = YES;
				GCC_C_LANGUAGE_STANDARD = gnu11;
				GCC_NO_COMMON_BLOCKS = YES;
				GCC_WARN_64_TO_32_BIT_CONVERSION = YES;
				GCC_WARN_ABOUT_RETURN_TYPE = YES_ERROR;
				GCC_WARN_UNDECLARED_SELECTOR = YES;
				GCC_WARN_UNINITIALIZED_AUTOS = YES_AGGRESSIVE;
				GCC_WARN_UNUSED_FUNCTION = YES;
				GCC_WARN_UNUSED_VARIABLE = YES;
				IPHONEOS_DEPLOYMENT_TARGET = 15.5;
				MTL_ENABLE_DEBUG_INFO = NO;
				MTL_FAST_MATH = YES;
				SDKROOT = iphoneos;
				SWIFT_COMPILATION_MODE = wholemodule;
				SWIFT_OPTIMIZATION_LEVEL = "-O";
				VALIDATE_PRODUCT = YES;
			};
			name = Release;
		};
		AB8AE71728616CBA00CB4F0C /* Debug */ = {
			isa = XCBuildConfiguration;
			buildSettings = {
				ASSETCATALOG_COMPILER_APPICON_NAME = AppIcon;
				ASSETCATALOG_COMPILER_GLOBAL_ACCENT_COLOR_NAME = AccentColor;
				CODE_SIGN_ENTITLEMENTS = Blurb/BlurbDebug.entitlements;
				CODE_SIGN_STYLE = Automatic;
				CURRENT_PROJECT_VERSION = 1;
				DEVELOPMENT_ASSET_PATHS = "\"Blurb/Preview Content\"";
				DEVELOPMENT_TEAM = T5XR9DZVW2;
				ENABLE_PREVIEWS = YES;
				GENERATE_INFOPLIST_FILE = YES;
				INFOPLIST_FILE = Blurb/Info.plist;
				INFOPLIST_KEY_NSLocationWhenInUseUsageDescription = "We need your location to show chats near you";
				INFOPLIST_KEY_UIApplicationSceneManifest_Generation = YES;
				INFOPLIST_KEY_UIApplicationSupportsIndirectInputEvents = YES;
				INFOPLIST_KEY_UILaunchScreen_Generation = YES;
				INFOPLIST_KEY_UISupportedInterfaceOrientations_iPad = "UIInterfaceOrientationPortrait UIInterfaceOrientationPortraitUpsideDown UIInterfaceOrientationLandscapeLeft UIInterfaceOrientationLandscapeRight";
				INFOPLIST_KEY_UISupportedInterfaceOrientations_iPhone = "UIInterfaceOrientationPortrait UIInterfaceOrientationLandscapeLeft UIInterfaceOrientationLandscapeRight";
				LD_RUNPATH_SEARCH_PATHS = (
					"$(inherited)",
					"@executable_path/Frameworks",
				);
				MARKETING_VERSION = 1.0;
				PRODUCT_BUNDLE_IDENTIFIER = jonathandaviesipad.Blurb;
				PRODUCT_NAME = "$(TARGET_NAME)";
				SUPPORTS_MACCATALYST = YES;
				SWIFT_EMIT_LOC_STRINGS = YES;
				SWIFT_VERSION = 5.0;
				TARGETED_DEVICE_FAMILY = "1,2";
			};
			name = Debug;
		};
		AB8AE71828616CBA00CB4F0C /* Release */ = {
			isa = XCBuildConfiguration;
			buildSettings = {
				ASSETCATALOG_COMPILER_APPICON_NAME = AppIcon;
				ASSETCATALOG_COMPILER_GLOBAL_ACCENT_COLOR_NAME = AccentColor;
				CODE_SIGN_ENTITLEMENTS = Blurb/Blurb.entitlements;
				CODE_SIGN_STYLE = Automatic;
				CURRENT_PROJECT_VERSION = 1;
				DEVELOPMENT_ASSET_PATHS = "\"Blurb/Preview Content\"";
				DEVELOPMENT_TEAM = T5XR9DZVW2;
				ENABLE_PREVIEWS = YES;
				GENERATE_INFOPLIST_FILE = YES;
				INFOPLIST_FILE = Blurb/Info.plist;
				INFOPLIST_KEY_NSLocationWhenInUseUsageDescription = "We need your location to show chats near you";
				INFOPLIST_KEY_UIApplicationSceneManifest_Generation = YES;
				INFOPLIST_KEY_UIApplicationSupportsIndirectInputEvents = YES;
				INFOPLIST_KEY_UILaunchScreen_Generation = YES;
				INFOPLIST_KEY_UISupportedInterfaceOrientations_iPad = "UIInterfaceOrientationPortrait UIInterfaceOrientationPortraitUpsideDown UIInterfaceOrientationLandscapeLeft UIInterfaceOrientationLandscapeRight";
				INFOPLIST_KEY_UISupportedInterfaceOrientations_iPhone = "UIInterfaceOrientationPortrait UIInterfaceOrientationLandscapeLeft UIInterfaceOrientationLandscapeRight";
				LD_RUNPATH_SEARCH_PATHS = (
					"$(inherited)",
					"@executable_path/Frameworks",
				);
				MARKETING_VERSION = 1.0;
				PRODUCT_BUNDLE_IDENTIFIER = jonathandaviesipad.Blurb;
				PRODUCT_NAME = "$(TARGET_NAME)";
				SUPPORTS_MACCATALYST = YES;
				SWIFT_EMIT_LOC_STRINGS = YES;
				SWIFT_VERSION = 5.0;
				TARGETED_DEVICE_FAMILY = "1,2";
			};
			name = Release;
		};
/* End XCBuildConfiguration section */

/* Begin XCConfigurationList section */
		AB8AE6FE28616CB900CB4F0C /* Build configuration list for PBXProject "Blurb" */ = {
			isa = XCConfigurationList;
			buildConfigurations = (
				AB8AE71428616CBA00CB4F0C /* Debug */,
				AB8AE71528616CBA00CB4F0C /* Release */,
			);
			defaultConfigurationIsVisible = 0;
			defaultConfigurationName = Release;
		};
		AB8AE71628616CBA00CB4F0C /* Build configuration list for PBXNativeTarget "Blurb" */ = {
			isa = XCConfigurationList;
			buildConfigurations = (
				AB8AE71728616CBA00CB4F0C /* Debug */,
				AB8AE71828616CBA00CB4F0C /* Release */,
			);
			defaultConfigurationIsVisible = 0;
			defaultConfigurationName = Release;
		};
/* End XCConfigurationList section */

/* Begin XCRemoteSwiftPackageReference section */
		AB8AE719286171E400CB4F0C /* XCRemoteSwiftPackageReference "SwiftyChat" */ = {
			isa = XCRemoteSwiftPackageReference;
			repositoryURL = "https://github.com/EnesKaraosman/SwiftyChat.git";
			requirement = {
				kind = upToNextMajorVersion;
				minimumVersion = 2.0.0;
			};
		};
/* End XCRemoteSwiftPackageReference section */

/* Begin XCSwiftPackageProductDependency section */
		AB8AE71A286171E400CB4F0C /* SwiftyChat */ = {
			isa = XCSwiftPackageProductDependency;
			package = AB8AE719286171E400CB4F0C /* XCRemoteSwiftPackageReference "SwiftyChat" */;
			productName = SwiftyChat;
		};
/* End XCSwiftPackageProductDependency section */

/* Begin XCVersionGroup section */
		AB8AE71128616CBA00CB4F0C /* Blurb.xcdatamodeld */ = {
			isa = XCVersionGroup;
			children = (
				AB8AE71228616CBA00CB4F0C /* Blurb.xcdatamodel */,
			);
			currentVersion = AB8AE71228616CBA00CB4F0C /* Blurb.xcdatamodel */;
			path = Blurb.xcdatamodeld;
			sourceTree = "<group>";
			versionGroupType = wrapper.xcdatamodel;
		};
/* End XCVersionGroup section */
	};
	rootObject = AB8AE6FB28616CB900CB4F0C /* Project object */;
}
